
Microsoft Visual Studio Solution File, Format Version 12.00
# Visual Studio 2012
Project("{FAE04EC0-301F-11D3-BF4B-00C04F79EFBC}") = "AzureTopics", "AzureTopics\AzureTopics.csproj", "{B426CD08-B264-48CA-8140-9177F222848D}"
EndProject
Global
	GlobalSection(SolutionConfigurationPlatforms) = preSolution
		Debug|Any CPU = Debug|Any CPU
		Release|Any CPU = Release|Any CPU
	EndGlobalSection
	GlobalSection(ProjectConfigurationPlatforms) = postSolution
		{B426CD08-B264-48CA-8140-9177F222848D}.Debug|Any CPU.ActiveCfg = Debug|Any CPU
		{B426CD08-B264-48CA-8140-9177F222848D}.Debug|Any CPU.Build.0 = Debug|Any CPU
		{B426CD08-B264-48CA-8140-9177F222848D}.Release|Any CPU.ActiveCfg = Release|Any CPU
		{B426CD08-B264-48CA-8140-9177F222848D}.Release|Any CPU.Build.0 = Release|Any CPU
	EndGlobalSection
	GlobalSection(SolutionProperties) = preSolution
		HideSolutionNode = FALSE
	EndGlobalSection
EndGlobal
